
Microsoft Visual Studio Solution File, Format Version 12.00
# Visual Studio Version 17
VisualStudioVersion = 17.0.31903.59
MinimumVisualStudioVersion = 10.0.40219.1
Project("{9A19103F-16F7-4668-BE54-9A1E7A4F7556}") = "Day01", "1\Day01.csproj", "{7BF1AD1D-7CB9-4C2D-98E0-CE294E24BD0B}"
EndProject
Project("{2150E333-8FDC-42A3-9474-1A3956D46DE8}") = "SolutionItems", "SolutionItems", "{2F044401-510F-415C-B01F-DBF4B018B8E5}"
	ProjectSection(SolutionItems) = preProject
		AdventDescription.txt = AdventDescription.txt
	EndProjectSection
EndProject
Project("{9A19103F-16F7-4668-BE54-9A1E7A4F7556}") = "Day02", "Day02\Day02.csproj", "{95A6DEF5-7035-446E-B09C-63E641802B94}"
EndProject
Project("{9A19103F-16F7-4668-BE54-9A1E7A4F7556}") = "Day03", "Day03\Day03.csproj", "{B08F784A-9AED-4D5F-87D4-747A75F3A559}"
EndProject
Project("{9A19103F-16F7-4668-BE54-9A1E7A4F7556}") = "Day04", "Day04\Day04.csproj", "{C7E8362A-8B18-432D-A249-07B764B5E489}"
EndProject
Project("{FAE04EC0-301F-11D3-BF4B-00C04F79EFBC}") = "Day05", "Day05\Day05.csproj", "{98BA3752-4EEC-48C0-9D10-59DB9ED2F946}"
EndProject
Global
	GlobalSection(SolutionConfigurationPlatforms) = preSolution
		Debug|Any CPU = Debug|Any CPU
		Release|Any CPU = Release|Any CPU
	EndGlobalSection
	GlobalSection(ProjectConfigurationPlatforms) = postSolution
		{7BF1AD1D-7CB9-4C2D-98E0-CE294E24BD0B}.Debug|Any CPU.ActiveCfg = Debug|Any CPU
		{7BF1AD1D-7CB9-4C2D-98E0-CE294E24BD0B}.Debug|Any CPU.Build.0 = Debug|Any CPU
		{7BF1AD1D-7CB9-4C2D-98E0-CE294E24BD0B}.Release|Any CPU.ActiveCfg = Release|Any CPU
		{7BF1AD1D-7CB9-4C2D-98E0-CE294E24BD0B}.Release|Any CPU.Build.0 = Release|Any CPU
		{95A6DEF5-7035-446E-B09C-63E641802B94}.Debug|Any CPU.ActiveCfg = Debug|Any CPU
		{95A6DEF5-7035-446E-B09C-63E641802B94}.Debug|Any CPU.Build.0 = Debug|Any CPU
		{95A6DEF5-7035-446E-B09C-63E641802B94}.Release|Any CPU.ActiveCfg = Release|Any CPU
		{95A6DEF5-7035-446E-B09C-63E641802B94}.Release|Any CPU.Build.0 = Release|Any CPU
		{B08F784A-9AED-4D5F-87D4-747A75F3A559}.Debug|Any CPU.ActiveCfg = Debug|Any CPU
		{B08F784A-9AED-4D5F-87D4-747A75F3A559}.Debug|Any CPU.Build.0 = Debug|Any CPU
		{B08F784A-9AED-4D5F-87D4-747A75F3A559}.Release|Any CPU.ActiveCfg = Release|Any CPU
		{B08F784A-9AED-4D5F-87D4-747A75F3A559}.Release|Any CPU.Build.0 = Release|Any CPU
		{C7E8362A-8B18-432D-A249-07B764B5E489}.Debug|Any CPU.ActiveCfg = Debug|Any CPU
		{C7E8362A-8B18-432D-A249-07B764B5E489}.Debug|Any CPU.Build.0 = Debug|Any CPU
		{C7E8362A-8B18-432D-A249-07B764B5E489}.Release|Any CPU.ActiveCfg = Release|Any CPU
		{C7E8362A-8B18-432D-A249-07B764B5E489}.Release|Any CPU.Build.0 = Release|Any CPU
		{98BA3752-4EEC-48C0-9D10-59DB9ED2F946}.Debug|Any CPU.ActiveCfg = Debug|Any CPU
		{98BA3752-4EEC-48C0-9D10-59DB9ED2F946}.Debug|Any CPU.Build.0 = Debug|Any CPU
		{98BA3752-4EEC-48C0-9D10-59DB9ED2F946}.Release|Any CPU.ActiveCfg = Release|Any CPU
		{98BA3752-4EEC-48C0-9D10-59DB9ED2F946}.Release|Any CPU.Build.0 = Release|Any CPU
	EndGlobalSection
	GlobalSection(SolutionProperties) = preSolution
		HideSolutionNode = FALSE
	EndGlobalSection
	GlobalSection(ExtensibilityGlobals) = postSolution
		SolutionGuid = {90880601-5C34-4BA5-B17C-86A01F72D730}
	EndGlobalSection
EndGlobal
